
Microsoft Visual Studio Solution File, Format Version 12.00
# Visual Studio Version 17
VisualStudioVersion = 17.8.34511.84
MinimumVisualStudioVersion = 10.0.40219.1
Project("{FAE04EC0-301F-11D3-BF4B-00C04F79EFBC}") = "LibraryManagementSystem", "LibraryManagementSystem.csproj", "{4C15F07B-95E1-433D-94B9-A1F99AD37EEB}"
EndProject
Global
	GlobalSection(SolutionConfigurationPlatforms) = preSolution
		Debug|Any CPU = Debug|Any CPU
		Release|Any CPU = Release|Any CPU
	EndGlobalSection
	GlobalSection(ProjectConfigurationPlatforms) = postSolution
		{4C15F07B-95E1-433D-94B9-A1F99AD37EEB}.Debug|Any CPU.ActiveCfg = Debug|Any CPU
		{4C15F07B-95E1-433D-94B9-A1F99AD37EEB}.Debug|Any CPU.Build.0 = Debug|Any CPU
		{4C15F07B-95E1-433D-94B9-A1F99AD37EEB}.Release|Any CPU.ActiveCfg = Release|Any CPU
		{4C15F07B-95E1-433D-94B9-A1F99AD37EEB}.Release|Any CPU.Build.0 = Release|Any CPU
	EndGlobalSection
	GlobalSection(SolutionProperties) = preSolution
		HideSolutionNode = FALSE
	EndGlobalSection
	GlobalSection(ExtensibilityGlobals) = postSolution
		SolutionGuid = {018A3FE0-21B3-4428-81E2-EF3849BE3E3B}
	EndGlobalSection
EndGlobal
